
Microsoft Visual Studio Solution File, Format Version 12.00
# Visual Studio 2013
VisualStudioVersion = 12.0.21005.1
MinimumVisualStudioVersion = 10.0.40219.1
Project("{F184B08F-C81C-45F6-A57F-5ABD9991F28F}") = "HTG_Snake", "HTG_Snake\HTG_Snake.vbproj", "{0FF77B78-E1E4-4249-BD21-6846A4B89529}"
EndProject
Global
	GlobalSection(SolutionConfigurationPlatforms) = preSolution
		Debug|Any CPU = Debug|Any CPU
		Release|Any CPU = Release|Any CPU
	EndGlobalSection
	GlobalSection(ProjectConfigurationPlatforms) = postSolution
		{0FF77B78-E1E4-4249-BD21-6846A4B89529}.Debug|Any CPU.ActiveCfg = Debug|Any CPU
		{0FF77B78-E1E4-4249-BD21-6846A4B89529}.Debug|Any CPU.Build.0 = Debug|Any CPU
		{0FF77B78-E1E4-4249-BD21-6846A4B89529}.Release|Any CPU.ActiveCfg = Release|Any CPU
		{0FF77B78-E1E4-4249-BD21-6846A4B89529}.Release|Any CPU.Build.0 = Release|Any CPU
	EndGlobalSection
	GlobalSection(SolutionProperties) = preSolution
		HideSolutionNode = FALSE
	EndGlobalSection
EndGlobal
